dependencies:
- name: openclaw
  repository: file://../openclaw
  version: 0.1.0
- name: openhands
  repository: file://../openhands
  version: 0.1.0
- name: nextcloud
  repository: file://../nextcloud
  version: 0.1.0
- name: gitea
  repository: file://../gitea
  version: 0.1.0
- name: paperless-ngx
  repository: file://../paperless-ngx
  version: 0.1.0
- name: infisical
  repository: file://../infisical
  version: 0.2.0
- name: shared-postgresql
  repository: file://../shared-postgresql
  version: 0.1.0
- name: shared-redis
  repository: file://../shared-redis
  version: 0.1.0
digest: sha256:a8b289a8eff65d212b42335296439538e33442035503c8a63bd47c73d4f15416
generated: "2026-03-20T14:31:58.418655778Z"
