dependencies:
- name: cert-manager
  repository: oci://quay.io/jetstack/charts
  version: v1.20.0
- name: openclaw
  repository: file://../openclaw
  version: 0.1.0
- name: argo-cd
  repository: file://../argo-cd
  version: 0.1.0
- name: nextcloud
  repository: file://../nextcloud
  version: 0.1.0
- name: gitea
  repository: file://../gitea
  version: 0.1.0
- name: vaultwarden
  repository: file://../vaultwarden
  version: 0.1.0
- name: postfix-relay
  repository: file://../postfix-relay
  version: 0.1.0
- name: paperless-ngx
  repository: file://../paperless-ngx
  version: 0.1.0
- name: shared-postgresql
  repository: file://../shared-postgresql
  version: 0.1.0
- name: shared-redis
  repository: file://../shared-redis
  version: 0.1.0
digest: sha256:ff18ca4168af0c0e71731bee6163e13f431808c6d34b3090bff3ee9f3466cbbb
generated: "2026-03-24T22:03:49.133983015+01:00"
