dependencies:
- name: openclaw
  repository: file://../openclaw
  version: 0.1.0
- name: openhands
  repository: file://../openhands
  version: 0.1.0
- name: nextcloud
  repository: file://../nextcloud
  version: 0.1.0
- name: gitea
  repository: file://../gitea
  version: 0.1.0
- name: paperless-ngx
  repository: file://../paperless-ngx
  version: 0.1.0
- name: infisical
  repository: file://../infisical
  version: 0.2.0
- name: wg-easy
  repository: file://../wg-easy
  version: 0.1.0
- name: shared-postgresql
  repository: file://../shared-postgresql
  version: 0.1.0
- name: shared-redis
  repository: file://../shared-redis
  version: 0.1.0
digest: sha256:bc52900402b5cbd3e3343331d4e6eed0147c73ecc7c526210b712f2939d0032d
generated: "2026-03-19T11:14:17.168627928Z"
